// !$*UTF8*$!
{
	archiveVersion = 1;
	classes = {
	};
	objectVersion = 77;
	objects = {

/* Begin PBXContainerItemProxy section */
		A4F6CA8E2E11D24900ECBA40 /* PBXContainerItemProxy */ = {
			isa = PBXContainerItemProxy;
			containerPortal = A4F6CA772E11D24400ECBA40 /* Project object */;
			proxyType = 1;
			remoteGlobalIDString = A4F6CA7E2E11D24400ECBA40;
			remoteInfo = "Android Mirroring";
		};
		A4F6CA982E11D24900ECBA40 /* PBXContainerItemProxy */ = {
			isa = PBXContainerItemProxy;
			containerPortal = A4F6CA772E11D24400ECBA40 /* Project object */;
			proxyType = 1;
			remoteGlobalIDString = A4F6CA7E2E11D24400ECBA40;
			remoteInfo = "Android Mirroring";
		};
/* End PBXContainerItemProxy section */

/* Begin PBXFileReference section */
		A4F6CA7F2E11D24400ECBA40 /* Android Mirroring.app */ = {isa = PBXFileReference; explicitFileType = wrapper.application; includeInIndex = 0; path = "Android Mirroring.app"; sourceTree = BUILT_PRODUCTS_DIR; };
		A4F6CA8D2E11D24900ECBA40 /* Android MirroringTests.xctest */ = {isa = PBXFileReference; explicitFileType = wrapper.cfbundle; includeInIndex = 0; path = "Android MirroringTests.xctest"; sourceTree = BUILT_PRODUCTS_DIR; };
		A4F6CA972E11D24900ECBA40 /* Android MirroringUITests.xctest */ = {isa = PBXFileReference; explicitFileType = wrapper.cfbundle; includeInIndex = 0; path = "Android MirroringUITests.xctest"; sourceTree = BUILT_PRODUCTS_DIR; };
/* End PBXFileReference section */

/* Begin PBXFileSystemSynchronizedRootGroup section */
		A4F6CA812E11D24400ECBA40 /* Android Mirroring */ = {
			isa = PBXFileSystemSynchronizedRootGroup;
			path = "Android Mirroring";
			sourceTree = "<group>";
		};
		A4F6CA902E11D24900ECBA40 /* Android MirroringTests */ = {
			isa = PBXFileSystemSynchronizedRootGroup;
			path = "Android MirroringTests";
			sourceTree = "<group>";
		};
		A4F6CA9A2E11D24900ECBA40 /* Android MirroringUITests */ = {
			isa = PBXFileSystemSynchronizedRootGroup;
			path = "Android MirroringUITests";
			sourceTree = "<group>";
		};
/* End PBXFileSystemSynchronizedRootGroup section */

/* Begin PBXFrameworksBuildPhase section */
		A4F6CA7C2E11D24400ECBA40 /* Frameworks */ = {
			isa = PBXFrameworksBuildPhase;
			buildActionMask = 2147483647;
			files = (
			);
			runOnlyForDeploymentPostprocessing = 0;
		};
		A4F6CA8A2E11D24900ECBA40 /* Frameworks */ = {
			isa = PBXFrameworksBuildPhase;
			buildActionMask = 2147483647;
			files = (
			);
			runOnlyForDeploymentPostprocessing = 0;
		};
		A4F6CA942E11D24900ECBA40 /* Frameworks */ = {
			isa = PBXFrameworksBuildPhase;
			buildActionMask = 2147483647;
			files = (
			);
			runOnlyForDeploymentPostprocessing = 0;
		};
/* End PBXFrameworksBuildPhase section */

/* Begin PBXGroup section */
		A4F6CA762E11D24400ECBA40 = {
			isa = PBXGroup;
			children = (
				A4F6CA812E11D24400ECBA40 /* Android Mirroring */,
				A4F6CA902E11D24900ECBA40 /* Android MirroringTests */,
				A4F6CA9A2E11D24900ECBA40 /* Android MirroringUITests */,
				A4F6CA802E11D24400ECBA40 /* Products */,
			);
			sourceTree = "<group>";
		};
		A4F6CA802E11D24400ECBA40 /* Products */ = {
			isa = PBXGroup;
			children = (
				A4F6CA7F2E11D24400ECBA40 /* Android Mirroring.app */,
				A4F6CA8D2E11D24900ECBA40 /* Android MirroringTests.xctest */,
				A4F6CA972E11D24900ECBA40 /* Android MirroringUITests.xctest */,
			);
			name = Products;
			sourceTree = "<group>";
		};
/* End PBXGroup section */

/* Begin PBXNativeTarget section */
		A4F6CA7E2E11D24400ECBA40 /* Android Mirroring */ = {
			isa = PBXNativeTarget;
			buildConfigurationList = A4F6CAA12E11D24900ECBA40 /* Build configuration list for PBXNativeTarget "Android Mirroring" */;
			buildPhases = (
				A4F6CA7B2E11D24400ECBA40 /* Sources */,
				A4F6CA7C2E11D24400ECBA40 /* Frameworks */,
				A4F6CA7D2E11D24400ECBA40 /* Resources */,
			);
			buildRules = (
			);
			dependencies = (
			);
			fileSystemSynchronizedGroups = (
				A4F6CA812E11D24400ECBA40 /* Android Mirroring */,
			);
			name = "Android Mirroring";
			packageProductDependencies = (
			);
			productName = "Android Mirroring";
			productReference = A4F6CA7F2E11D24400ECBA40 /* Android Mirroring.app */;
			productType = "com.apple.product-type.application";
		};
		A4F6CA8C2E11D24900ECBA40 /* Android MirroringTests */ = {
			isa = PBXNativeTarget;
			buildConfigurationList = A4F6CAA42E11D24900ECBA40 /* Build configuration list for PBXNativeTarget "Android MirroringTests" */;
			buildPhases = (
				A4F6CA892E11D24900ECBA40 /* Sources */,
				A4F6CA8A2E11D24900ECBA40 /* Frameworks */,
				A4F6CA8B2E11D24900ECBA40 /* Resources */,
			);
			buildRules = (
			);
			dependencies = (
				A4F6CA8F2E11D24900ECBA40 /* PBXTargetDependency */,
			);
			fileSystemSynchronizedGroups = (
				A4F6CA902E11D24900ECBA40 /* Android MirroringTests */,
			);
			name = "Android MirroringTests";
			packageProductDependencies = (
			);
			productName = "Android MirroringTests";
			productReference = A4F6CA8D2E11D24900ECBA40 /* Android MirroringTests.xctest */;
			productType = "com.apple.product-type.bundle.unit-test";
		};
		A4F6CA962E11D24900ECBA40 /* Android MirroringUITests */ = {
			isa = PBXNativeTarget;
			buildConfigurationList = A4F6CAA72E11D24900ECBA40 /* Build configuration list for PBXNativeTarget "Android MirroringUITests" */;
			buildPhases = (
				A4F6CA932E11D24900ECBA40 /* Sources */,
				A4F6CA942E11D24900ECBA40 /* Frameworks */,
				A4F6CA952E11D24900ECBA40 /* Resources */,
			);
			buildRules = (
			);
			dependencies = (
				A4F6CA992E11D24900ECBA40 /* PBXTargetDependency */,
			);
			fileSystemSynchronizedGroups = (
				A4F6CA9A2E11D24900ECBA40 /* Android MirroringUITests */,
			);
			name = "Android MirroringUITests";
			packageProductDependencies = (
			);
			productName = "Android MirroringUITests";
			productReference = A4F6CA972E11D24900ECBA40 /* Android MirroringUITests.xctest */;
			productType = "com.apple.product-type.bundle.ui-testing";
		};
/* End PBXNativeTarget section */

/* Begin PBXProject section */
		A4F6CA772E11D24400ECBA40 /* Project object */ = {
			isa = PBXProject;
			attributes = {
				BuildIndependentTargetsInParallel = 1;
				LastSwiftUpdateCheck = 1640;
				LastUpgradeCheck = 1640;
				TargetAttributes = {
					A4F6CA7E2E11D24400ECBA40 = {
						CreatedOnToolsVersion = 16.4;
					};
					A4F6CA8C2E11D24900ECBA40 = {
						CreatedOnToolsVersion = 16.4;
						TestTargetID = A4F6CA7E2E11D24400ECBA40;
					};
					A4F6CA962E11D24900ECBA40 = {
						CreatedOnToolsVersion = 16.4;
						TestTargetID = A4F6CA7E2E11D24400ECBA40;
					};
				};
			};
			buildConfigurationList = A4F6CA7A2E11D24400ECBA40 /* Build configuration list for PBXProject "Android Mirroring" */;
			developmentRegion = en;
			hasScannedForEncodings = 0;
			knownRegions = (
				en,
				Base,
			);
			mainGroup = A4F6CA762E11D24400ECBA40;
			minimizedProjectReferenceProxies = 1;
			preferredProjectObjectVersion = 77;
			productRefGroup = A4F6CA802E11D24400ECBA40 /* Products */;
			projectDirPath = "";
			projectRoot = "";
			targets = (
				A4F6CA7E2E11D24400ECBA40 /* Android Mirroring */,
				A4F6CA8C2E11D24900ECBA40 /* Android MirroringTests */,
				A4F6CA962E11D24900ECBA40 /* Android MirroringUITests */,
			);
		};
/* End PBXProject section */

/* Begin PBXResourcesBuildPhase section */
		A4F6CA7D2E11D24400ECBA40 /* Resources */ = {
			isa = PBXResourcesBuildPhase;
			buildActionMask = 2147483647;
			files = (
			);
			runOnlyForDeploymentPostprocessing = 0;
		};
		A4F6CA8B2E11D24900ECBA40 /* Resources */ = {
			isa = PBXResourcesBuildPhase;
			buildActionMask = 2147483647;
			files = (
			);
			runOnlyForDeploymentPostprocessing = 0;
		};
		A4F6CA952E11D24900ECBA40 /* Resources */ = {
			isa = PBXResourcesBuildPhase;
			buildActionMask = 2147483647;
			files = (
			);
			runOnlyForDeploymentPostprocessing = 0;
		};
/* End PBXResourcesBuildPhase section */

/* Begin PBXSourcesBuildPhase section */
		A4F6CA7B2E11D24400ECBA40 /* Sources */ = {
			isa = PBXSourcesBuildPhase;
			buildActionMask = 2147483647;
			files = (
			);
			runOnlyForDeploymentPostprocessing = 0;
		};
		A4F6CA892E11D24900ECBA40 /* Sources */ = {
			isa = PBXSourcesBuildPhase;
			buildActionMask = 2147483647;
			files = (
			);
			runOnlyForDeploymentPostprocessing = 0;
		};
		A4F6CA932E11D24900ECBA40 /* Sources */ = {
			isa = PBXSourcesBuildPhase;
			buildActionMask = 2147483647;
			files = (
			);
			runOnlyForDeploymentPostprocessing = 0;
		};
/* End PBXSourcesBuildPhase section */

/* Begin PBXTargetDependency section */
		A4F6CA8F2E11D24900ECBA40 /* PBXTargetDependency */ = {
			isa = PBXTargetDependency;
			target = A4F6CA7E2E11D24400ECBA40 /* Android Mirroring */;
			targetProxy = A4F6CA8E2E11D24900ECBA40 /* PBXContainerItemProxy */;
		};
		A4F6CA992E11D24900ECBA40 /* PBXTargetDependency */ = {
			isa = PBXTargetDependency;
			target = A4F6CA7E2E11D24400ECBA40 /* Android Mirroring */;
			targetProxy = A4F6CA982E11D24900ECBA40 /* PBXContainerItemProxy */;
		};
/* End PBXTargetDependency section */

/* Begin XCBuildConfiguration section */
		A4F6CA9F2E11D24900ECBA40 /* Debug */ = {
			isa = XCBuildConfiguration;
			buildSettings = {
				ALWAYS_SEARCH_USER_PATHS = NO;
				ASSETCATALOG_COMPILER_GENERATE_SWIFT_ASSET_SYMBOL_EXTENSIONS = YES;
				CLANG_ANALYZER_NONNULL = YES;
				CLANG_ANALYZER_NUMBER_OBJECT_CONVERSION = YES_AGGRESSIVE;
				CLANG_CXX_LANGUAGE_STANDARD = "gnu++20";
				CLANG_ENABLE_MODULES = YES;
				CLANG_ENABLE_OBJC_ARC = YES;
				CLANG_ENABLE_OBJC_WEAK = YES;
				CLANG_WARN_BLOCK_CAPTURE_AUTORELEASING = YES;
				CLANG_WARN_BOOL_CONVERSION = YES;
				CLANG_WARN_COMMA = YES;
				CLANG_WARN_CONSTANT_CONVERSION = YES;
				CLANG_WARN_DEPRECATED_OBJC_IMPLEMENTATIONS = YES;
				CLANG_WARN_DIRECT_OBJC_ISA_USAGE = YES_ERROR;
				CLANG_WARN_DOCUMENTATION_COMMENTS = YES;
				CLANG_WARN_EMPTY_BODY = YES;
				CLANG_WARN_ENUM_CONVERSION = YES;
				CLANG_WARN_INFINITE_RECURSION = YES;
				CLANG_WARN_INT_CONVERSION = YES;
				CLANG_WARN_NON_LITERAL_NULL_CONVERSION = YES;
				CLANG_WARN_OBJC_IMPLICIT_RETAIN_SELF = YES;
				CLANG_WARN_OBJC_LITERAL_CONVERSION = YES;
				CLANG_WARN_OBJC_ROOT_CLASS = YES_ERROR;
				CLANG_WARN_QUOTED_INCLUDE_IN_FRAMEWORK_HEADER = YES;
				CLANG_WARN_RANGE_LOOP_ANALYSIS = YES;
				CLANG_WARN_STRICT_PROTOTYPES = YES;
				CLANG_WARN_SUSPICIOUS_MOVE = YES;
				CLANG_WARN_UNGUARDED_AVAILABILITY = YES_AGGRESSIVE;
				CLANG_WARN_UNREACHABLE_CODE = YES;
				CLANG_WARN__DUPLICATE_METHOD_MATCH = YES;
				COPY_PHASE_STRIP = NO;
				DEBUG_INFORMATION_FORMAT = dwarf;
				DEVELOPMENT_TEAM = C9KKL24ATA;
				ENABLE_STRICT_OBJC_MSGSEND = YES;
				ENABLE_TESTABILITY = YES;
				ENABLE_USER_SCRIPT_SANDBOXING = YES;
				GCC_C_LANGUAGE_STANDARD = gnu17;
				GCC_DYNAMIC_NO_PIC = NO;
				GCC_NO_COMMON_BLOCKS = YES;
				GCC_OPTIMIZATION_LEVEL = 0;
				GCC_PREPROCESSOR_DEFINITIONS = (
					"DEBUG=1",
					"$(inherited)",
				);
				GCC_WARN_64_TO_32_BIT_CONVERSION = YES;
				GCC_WARN_ABOUT_RETURN_TYPE = YES_ERROR;
				GCC_WARN_UNDECLARED_SELECTOR = YES;
				GCC_WARN_UNINITIALIZED_AUTOS = YES_AGGRESSIVE;
				GCC_WARN_UNUSED_FUNCTION = YES;
				GCC_WARN_UNUSED_VARIABLE = YES;
				LOCALIZATION_PREFERS_STRING_CATALOGS = YES;
				MACOSX_DEPLOYMENT_TARGET = 15.3;
				MTL_ENABLE_DEBUG_INFO = INCLUDE_SOURCE;
				MTL_FAST_MATH = YES;
				ONLY_ACTIVE_ARCH = YES;
				SDKROOT = macosx;
				SWIFT_ACTIVE_COMPILATION_CONDITIONS = "DEBUG $(inherited)";
				SWIFT_OPTIMIZATION_LEVEL = "-Onone";
			};
			name = Debug;
		};
		A4F6CAA02E11D24900ECBA40 /* Release */ = {
			isa = XCBuildConfiguration;
			buildSettings = {
				ALWAYS_SEARCH_USER_PATHS = NO;
				ASSETCATALOG_COMPILER_GENERATE_SWIFT_ASSET_SYMBOL_EXTENSIONS = YES;
				CLANG_ANALYZER_NONNULL = YES;
				CLANG_ANALYZER_NUMBER_OBJECT_CONVERSION = YES_AGGRESSIVE;
				CLANG_CXX_LANGUAGE_STANDARD = "gnu++20";
				CLANG_ENABLE_MODULES = YES;
				CLANG_ENABLE_OBJC_ARC = YES;
				CLANG_ENABLE_OBJC_WEAK = YES;
				CLANG_WARN_BLOCK_CAPTURE_AUTORELEASING = YES;
				CLANG_WARN_BOOL_CONVERSION = YES;
				CLANG_WARN_COMMA = YES;
				CLANG_WARN_CONSTANT_CONVERSION = YES;
				CLANG_WARN_DEPRECATED_OBJC_IMPLEMENTATIONS = YES;
				CLANG_WARN_DIRECT_OBJC_ISA_USAGE = YES_ERROR;
				CLANG_WARN_DOCUMENTATION_COMMENTS = YES;
				CLANG_WARN_EMPTY_BODY = YES;
				CLANG_WARN_ENUM_CONVERSION = YES;
				CLANG_WARN_INFINITE_RECURSION = YES;
				CLANG_WARN_INT_CONVERSION = YES;
				CLANG_WARN_NON_LITERAL_NULL_CONVERSION = YES;
				CLANG_WARN_OBJC_IMPLICIT_RETAIN_SELF = YES;
				CLANG_WARN_OBJC_LITERAL_CONVERSION = YES;
				CLANG_WARN_OBJC_ROOT_CLASS = YES_ERROR;
				CLANG_WARN_QUOTED_INCLUDE_IN_FRAMEWORK_HEADER = YES;
				CLANG_WARN_RANGE_LOOP_ANALYSIS = YES;
				CLANG_WARN_STRICT_PROTOTYPES = YES;
				CLANG_WARN_SUSPICIOUS_MOVE = YES;
				CLANG_WARN_UNGUARDED_AVAILABILITY = YES_AGGRESSIVE;
				CLANG_WARN_UNREACHABLE_CODE = YES;
				CLANG_WARN__DUPLICATE_METHOD_MATCH = YES;
				COPY_PHASE_STRIP = NO;
				DEBUG_INFORMATION_FORMAT = "dwarf-with-dsym";
				DEVELOPMENT_TEAM = C9KKL24ATA;
				ENABLE_NS_ASSERTIONS = NO;
				ENABLE_STRICT_OBJC_MSGSEND = YES;
				ENABLE_USER_SCRIPT_SANDBOXING = YES;
				GCC_C_LANGUAGE_STANDARD = gnu17;
				GCC_NO_COMMON_BLOCKS = YES;
				GCC_WARN_64_TO_32_BIT_CONVERSION = YES;
				GCC_WARN_ABOUT_RETURN_TYPE = YES_ERROR;
				GCC_WARN_UNDECLARED_SELECTOR = YES;
				GCC_WARN_UNINITIALIZED_AUTOS = YES_AGGRESSIVE;
				GCC_WARN_UNUSED_FUNCTION = YES;
				GCC_WARN_UNUSED_VARIABLE = YES;
				LOCALIZATION_PREFERS_STRING_CATALOGS = YES;
				MACOSX_DEPLOYMENT_TARGET = 15.3;
				MTL_ENABLE_DEBUG_INFO = NO;
				MTL_FAST_MATH = YES;
				SDKROOT = macosx;
				SWIFT_COMPILATION_MODE = wholemodule;
			};
			name = Release;
		};
		A4F6CAA22E11D24900ECBA40 /* Debug */ = {
			isa = XCBuildConfiguration;
			buildSettings = {
				ASSETCATALOG_COMPILER_APPICON_NAME = AppIcon;
				ASSETCATALOG_COMPILER_GLOBAL_ACCENT_COLOR_NAME = AccentColor;
				CODE_SIGN_ENTITLEMENTS = "Android Mirroring/Android_Mirroring.entitlements";
				CODE_SIGN_STYLE = Automatic;
				COMBINE_HIDPI_IMAGES = YES;
				CURRENT_PROJECT_VERSION = 1;
				DEVELOPMENT_TEAM = C9KKL24ATA;
				ENABLE_HARDENED_RUNTIME = YES;
				ENABLE_PREVIEWS = YES;
				GENERATE_INFOPLIST_FILE = YES;
				INFOPLIST_KEY_NSHumanReadableCopyright = "";
				LD_RUNPATH_SEARCH_PATHS = (
					"$(inherited)",
					"@executable_path/../Frameworks",
				);
				MARKETING_VERSION = 1.0;
				PRODUCT_BUNDLE_IDENTIFIER = "kushchoudhary98.Android-Mirroring";
				PRODUCT_NAME = "$(TARGET_NAME)";
				REGISTER_APP_GROUPS = YES;
				SWIFT_EMIT_LOC_STRINGS = YES;
				SWIFT_VERSION = 5.0;
			};
			name = Debug;
		};
		A4F6CAA32E11D24900ECBA40 /* Release */ = {
			isa = XCBuildConfiguration;
			buildSettings = {
				ASSETCATALOG_COMPILER_APPICON_NAME = AppIcon;
				ASSETCATALOG_COMPILER_GLOBAL_ACCENT_COLOR_NAME = AccentColor;
				CODE_SIGN_ENTITLEMENTS = "Android Mirroring/Android_Mirroring.entitlements";
				CODE_SIGN_STYLE = Automatic;
				COMBINE_HIDPI_IMAGES = YES;
				CURRENT_PROJECT_VERSION = 1;
				DEVELOPMENT_TEAM = C9KKL24ATA;
				ENABLE_HARDENED_RUNTIME = YES;
				ENABLE_PREVIEWS = YES;
				GENERATE_INFOPLIST_FILE = YES;
				INFOPLIST_KEY_NSHumanReadableCopyright = "";
				LD_RUNPATH_SEARCH_PATHS = (
					"$(inherited)",
					"@executable_path/../Frameworks",
				);
				MARKETING_VERSION = 1.0;
				PRODUCT_BUNDLE_IDENTIFIER = "kushchoudhary98.Android-Mirroring";
				PRODUCT_NAME = "$(TARGET_NAME)";
				REGISTER_APP_GROUPS = YES;
				SWIFT_EMIT_LOC_STRINGS = YES;
				SWIFT_VERSION = 5.0;
			};
			name = Release;
		};
		A4F6CAA52E11D24900ECBA40 /* Debug */ = {
			isa = XCBuildConfiguration;
			buildSettings = {
				BUNDLE_LOADER = "$(TEST_HOST)";
				CODE_SIGN_STYLE = Automatic;
				CURRENT_PROJECT_VERSION = 1;
				DEVELOPMENT_TEAM = C9KKL24ATA;
				GENERATE_INFOPLIST_FILE = YES;
				MACOSX_DEPLOYMENT_TARGET = 15.3;
				MARKETING_VERSION = 1.0;
				PRODUCT_BUNDLE_IDENTIFIER = "kushchoudhary98.Android-MirroringTests";
				PRODUCT_NAME = "$(TARGET_NAME)";
				SWIFT_EMIT_LOC_STRINGS = NO;
				SWIFT_VERSION = 5.0;
				TEST_HOST = "$(BUILT_PRODUCTS_DIR)/Android Mirroring.app/$(BUNDLE_EXECUTABLE_FOLDER_PATH)/Android Mirroring";
			};
			name = Debug;
		};
		A4F6CAA62E11D24900ECBA40 /* Release */ = {
			isa = XCBuildConfiguration;
			buildSettings = {
				BUNDLE_LOADER = "$(TEST_HOST)";
				CODE_SIGN_STYLE = Automatic;
				CURRENT_PROJECT_VERSION = 1;
				DEVELOPMENT_TEAM = C9KKL24ATA;
				GENERATE_INFOPLIST_FILE = YES;
				MACOSX_DEPLOYMENT_TARGET = 15.3;
				MARKETING_VERSION = 1.0;
				PRODUCT_BUNDLE_IDENTIFIER = "kushchoudhary98.Android-MirroringTests";
				PRODUCT_NAME = "$(TARGET_NAME)";
				SWIFT_EMIT_LOC_STRINGS = NO;
				SWIFT_VERSION = 5.0;
				TEST_HOST = "$(BUILT_PRODUCTS_DIR)/Android Mirroring.app/$(BUNDLE_EXECUTABLE_FOLDER_PATH)/Android Mirroring";
			};
			name = Release;
		};
		A4F6CAA82E11D24900ECBA40 /* Debug */ = {
			isa = XCBuildConfiguration;
			buildSettings = {
				CODE_SIGN_STYLE = Automatic;
				CURRENT_PROJECT_VERSION = 1;
				DEVELOPMENT_TEAM = C9KKL24ATA;
				GENERATE_INFOPLIST_FILE = YES;
				MARKETING_VERSION = 1.0;
				PRODUCT_BUNDLE_IDENTIFIER = "kushchoudhary98.Android-MirroringUITests";
				PRODUCT_NAME = "$(TARGET_NAME)";
				SWIFT_EMIT_LOC_STRINGS = NO;
				SWIFT_VERSION = 5.0;
				TEST_TARGET_NAME = "Android Mirroring";
			};
			name = Debug;
		};
		A4F6CAA92E11D24900ECBA40 /* Release */ = {
			isa = XCBuildConfiguration;
			buildSettings = {
				CODE_SIGN_STYLE = Automatic;
				CURRENT_PROJECT_VERSION = 1;
				DEVELOPMENT_TEAM = C9KKL24ATA;
				GENERATE_INFOPLIST_FILE = YES;
				MARKETING_VERSION = 1.0;
				PRODUCT_BUNDLE_IDENTIFIER = "kushchoudhary98.Android-MirroringUITests";
				PRODUCT_NAME = "$(TARGET_NAME)";
				SWIFT_EMIT_LOC_STRINGS = NO;
				SWIFT_VERSION = 5.0;
				TEST_TARGET_NAME = "Android Mirroring";
			};
			name = Release;
		};
/* End XCBuildConfiguration section */

/* Begin XCConfigurationList section */
		A4F6CA7A2E11D24400ECBA40 /* Build configuration list for PBXProject "Android Mirroring" */ = {
			isa = XCConfigurationList;
			buildConfigurations = (
				A4F6CA9F2E11D24900ECBA40 /* Debug */,
				A4F6CAA02E11D24900ECBA40 /* Release */,
			);
			defaultConfigurationIsVisible = 0;
			defaultConfigurationName = Release;
		};
		A4F6CAA12E11D24900ECBA40 /* Build configuration list for PBXNativeTarget "Android Mirroring" */ = {
			isa = XCConfigurationList;
			buildConfigurations = (
				A4F6CAA22E11D24900ECBA40 /* Debug */,
				A4F6CAA32E11D24900ECBA40 /* Release */,
			);
			defaultConfigurationIsVisible = 0;
			defaultConfigurationName = Release;
		};
		A4F6CAA42E11D24900ECBA40 /* Build configuration list for PBXNativeTarget "Android MirroringTests" */ = {
			isa = XCConfigurationList;
			buildConfigurations = (
				A4F6CAA52E11D24900ECBA40 /* Debug */,
				A4F6CAA62E11D24900ECBA40 /* Release */,
			);
			defaultConfigurationIsVisible = 0;
			defaultConfigurationName = Release;
		};
		A4F6CAA72E11D24900ECBA40 /* Build configuration list for PBXNativeTarget "Android MirroringUITests" */ = {
			isa = XCConfigurationList;
			buildConfigurations = (
				A4F6CAA82E11D24900ECBA40 /* Debug */,
				A4F6CAA92E11D24900ECBA40 /* Release */,
			);
			defaultConfigurationIsVisible = 0;
			defaultConfigurationName = Release;
		};
/* End XCConfigurationList section */
	};
	rootObject = A4F6CA772E11D24400ECBA40 /* Project object */;
}
